
Microsoft Visual Studio Solution File, Format Version 12.00
# Visual Studio Version 16
VisualStudioVersion = 16.0.33529.622
MinimumVisualStudioVersion = 10.0.40219.1
Project("{FAE04EC0-301F-11D3-BF4B-00C04F79EFBC}") = "BuildNumbers", "BuildNumbers.csproj", "{DFBFA99F-B045-4D28-8055-E1E42917C05D}"
EndProject
Global
	GlobalSection(SolutionConfigurationPlatforms) = preSolution
		Debug|Any CPU = Debug|Any CPU
		Release|Any CPU = Release|Any CPU
	EndGlobalSection
	GlobalSection(ProjectConfigurationPlatforms) = postSolution
		{DFBFA99F-B045-4D28-8055-E1E42917C05D}.Debug|Any CPU.ActiveCfg = Debug|Any CPU
		{DFBFA99F-B045-4D28-8055-E1E42917C05D}.Debug|Any CPU.Build.0 = Debug|Any CPU
		{DFBFA99F-B045-4D28-8055-E1E42917C05D}.Release|Any CPU.ActiveCfg = Release|Any CPU
		{DFBFA99F-B045-4D28-8055-E1E42917C05D}.Release|Any CPU.Build.0 = Release|Any CPU
	EndGlobalSection
	GlobalSection(SolutionProperties) = preSolution
		HideSolutionNode = FALSE
	EndGlobalSection
	GlobalSection(ExtensibilityGlobals) = postSolution
		SolutionGuid = {A38B565E-C936-4B35-9AD4-CA7D1AE0BCF4}
	EndGlobalSection
EndGlobal
